
Microsoft Visual Studio Solution File, Format Version 12.00
# Visual Studio 15
VisualStudioVersion = 15.0.26430.15
MinimumVisualStudioVersion = 10.0.40219.1
Project("{2150E333-8FDC-42A3-9474-1A3956D46DE8}") = "1-helpdesk", "1-helpdesk", "{890BDEF5-83EB-4C13-9523-6F284843976A}"
EndProject
Project("{2150E333-8FDC-42A3-9474-1A3956D46DE8}") = "2-coderbot", "2-coderbot", "{8E694941-F2C8-44AC-9CF8-58174643A233}"
EndProject
Project("{2150E333-8FDC-42A3-9474-1A3956D46DE8}") = "3-luisbot", "3-luisbot", "{9E3BFC01-2ACA-4829-A4EE-E405A783F085}"
EndProject
Project("{2150E333-8FDC-42A3-9474-1A3956D46DE8}") = "5-storebot", "5-storebot", "{AE135376-B712-4E25-91AF-0E5620DF5D85}"
EndProject
Project("{2150E333-8FDC-42A3-9474-1A3956D46DE8}") = "4-aibot", "4-aibot", "{02D85C9C-14AE-4B2E-A789-8D22FBAD9235}"
EndProject
Project("{2150E333-8FDC-42A3-9474-1A3956D46DE8}") = "6-iotbot", "6-iotbot", "{69F39FF6-8755-4462-955F-F04F7B0BE2AC}"
EndProject
Project("{FAE04EC0-301F-11D3-BF4B-00C04F79EFBC}") = "Exercise8", "exercise8-BackChannel\Exercise8.csproj", "{DF00915E-23C3-4F27-8986-5F9BF88196CE}"
EndProject
Project("{FAE04EC0-301F-11D3-BF4B-00C04F79EFBC}") = "CoderBot", "CoderBot\CoderBot.csproj", "{D041CB39-8485-4149-8EB6-47A5B1F51A3F}"
EndProject
Project("{FAE04EC0-301F-11D3-BF4B-00C04F79EFBC}") = "Bot-Luis", "Bot-Luis\Bot-Luis.csproj", "{636CBD79-AF50-4F0B-8AB4-9ED752125A54}"
EndProject
Project("{FAE04EC0-301F-11D3-BF4B-00C04F79EFBC}") = "IntelligenceBot", "IntelligenceBot\IntelligenceBot.csproj", "{882F797A-447E-4657-98F8-F2605A8CFD97}"
EndProject
Project("{FAE04EC0-301F-11D3-BF4B-00C04F79EFBC}") = "TokoBot", "TokoBot\TokoBot.csproj", "{5676A9D9-2103-4003-A802-04B21737A8FC}"
EndProject
Project("{FAE04EC0-301F-11D3-BF4B-00C04F79EFBC}") = "SmartAssistant", "assistant\SmartAssistant\SmartAssistant.csproj", "{2DC0D5EC-E1F3-4FE5-AB48-33B849C8FDC1}"
EndProject
Project("{FAE04EC0-301F-11D3-BF4B-00C04F79EFBC}") = "HomeController", "assistant\HomeController\HomeController.csproj", "{EAF24E24-1611-4034-AD27-85ABB3706C8C}"
EndProject
Project("{2150E333-8FDC-42A3-9474-1A3956D46DE8}") = "7-angkasapurabot", "7-angkasapurabot", "{1662228B-154E-496A-8844-D9870EB88900}"
EndProject
Project("{FAE04EC0-301F-11D3-BF4B-00C04F79EFBC}") = "AngkasaPura.Botsky", "AngkasaPuraBotSky\AngkasaPura\AngkasaPura.Botsky\AngkasaPura.Botsky.csproj", "{A45099F9-5AF3-4E0A-9B9A-487511E6EED7}"
EndProject
Project("{FAE04EC0-301F-11D3-BF4B-00C04F79EFBC}") = "DataService", "AngkasaPuraBotSky\AngkasaPura\DataService\DataService.csproj", "{C95A559F-D64E-429A-B01E-ED3D8894DB9A}"
EndProject
Project("{CC5FD16D-436D-48AD-A40C-5A424C6E3E79}") = "gravicodeservices", "gravicodeservices\gravicodeservices.ccproj", "{458490CE-5697-41F9-8730-8241C1A2DA9E}"
EndProject
Project("{FAE04EC0-301F-11D3-BF4B-00C04F79EFBC}") = "IoTBroker", "IoTBroker\IoTBroker.csproj", "{5C21DE81-D02A-4172-A882-850A8083C79E}"
EndProject
Project("{2150E333-8FDC-42A3-9474-1A3956D46DE8}") = "cloudservice", "cloudservice", "{B9B9542D-25EF-4428-87A8-8CFEDEC4CAC7}"
EndProject
Project("{FAE04EC0-301F-11D3-BF4B-00C04F79EFBC}") = "RoomDashboard", "RoomDashboard\RoomDashboard.csproj", "{1E47049F-8836-4263-AFA2-4A9199DB00FE}"
EndProject
Project("{FAE04EC0-301F-11D3-BF4B-00C04F79EFBC}") = "PushDataToStorage", "PushDataToStorage\PushDataToStorage.csproj", "{3AD165D3-E35A-4A54-99E2-DD0D3CBC9AE7}"
EndProject
Project("{2150E333-8FDC-42A3-9474-1A3956D46DE8}") = "8-ivrbot", "8-ivrbot", "{B9E1DF09-5756-411F-A330-096A36D24B2E}"
EndProject
Project("{FAE04EC0-301F-11D3-BF4B-00C04F79EFBC}") = "EmergencyServicesBot", "VoiceBot-master\EmergencyServicesBot\EmergencyServicesBot.csproj", "{A8BA1066-5695-4D71-ABB4-65E5A5E0C3D4}"
EndProject
Global
	GlobalSection(SolutionConfigurationPlatforms) = preSolution
		Debug|Any CPU = Debug|Any CPU
		Debug|ARM = Debug|ARM
		Debug|x64 = Debug|x64
		Debug|x86 = Debug|x86
		Release|Any CPU = Release|Any CPU
		Release|ARM = Release|ARM
		Release|x64 = Release|x64
		Release|x86 = Release|x86
	EndGlobalSection
	GlobalSection(ProjectConfigurationPlatforms) = postSolution
		{DF00915E-23C3-4F27-8986-5F9BF88196CE}.Debug|Any CPU.ActiveCfg = Debug|Any CPU
		{DF00915E-23C3-4F27-8986-5F9BF88196CE}.Debug|Any CPU.Build.0 = Debug|Any CPU
		{DF00915E-23C3-4F27-8986-5F9BF88196CE}.Debug|ARM.ActiveCfg = Debug|Any CPU
		{DF00915E-23C3-4F27-8986-5F9BF88196CE}.Debug|ARM.Build.0 = Debug|Any CPU
		{DF00915E-23C3-4F27-8986-5F9BF88196CE}.Debug|x64.ActiveCfg = Debug|Any CPU
		{DF00915E-23C3-4F27-8986-5F9BF88196CE}.Debug|x64.Build.0 = Debug|Any CPU
		{DF00915E-23C3-4F27-8986-5F9BF88196CE}.Debug|x86.ActiveCfg = Debug|Any CPU
		{DF00915E-23C3-4F27-8986-5F9BF88196CE}.Debug|x86.Build.0 = Debug|Any CPU
		{DF00915E-23C3-4F27-8986-5F9BF88196CE}.Release|Any CPU.ActiveCfg = Release|Any CPU
		{DF00915E-23C3-4F27-8986-5F9BF88196CE}.Release|Any CPU.Build.0 = Release|Any CPU
		{DF00915E-23C3-4F27-8986-5F9BF88196CE}.Release|ARM.ActiveCfg = Release|Any CPU
		{DF00915E-23C3-4F27-8986-5F9BF88196CE}.Release|ARM.Build.0 = Release|Any CPU
		{DF00915E-23C3-4F27-8986-5F9BF88196CE}.Release|x64.ActiveCfg = Release|Any CPU
		{DF00915E-23C3-4F27-8986-5F9BF88196CE}.Release|x64.Build.0 = Release|Any CPU
		{DF00915E-23C3-4F27-8986-5F9BF88196CE}.Release|x86.ActiveCfg = Release|Any CPU
		{DF00915E-23C3-4F27-8986-5F9BF88196CE}.Release|x86.Build.0 = Release|Any CPU
		{D041CB39-8485-4149-8EB6-47A5B1F51A3F}.Debug|Any CPU.ActiveCfg = Debug|Any CPU
		{D041CB39-8485-4149-8EB6-47A5B1F51A3F}.Debug|Any CPU.Build.0 = Debug|Any CPU
		{D041CB39-8485-4149-8EB6-47A5B1F51A3F}.Debug|ARM.ActiveCfg = Debug|Any CPU
		{D041CB39-8485-4149-8EB6-47A5B1F51A3F}.Debug|ARM.Build.0 = Debug|Any CPU
		{D041CB39-8485-4149-8EB6-47A5B1F51A3F}.Debug|x64.ActiveCfg = Debug|Any CPU
		{D041CB39-8485-4149-8EB6-47A5B1F51A3F}.Debug|x64.Build.0 = Debug|Any CPU
		{D041CB39-8485-4149-8EB6-47A5B1F51A3F}.Debug|x86.ActiveCfg = Debug|Any CPU
		{D041CB39-8485-4149-8EB6-47A5B1F51A3F}.Debug|x86.Build.0 = Debug|Any CPU
		{D041CB39-8485-4149-8EB6-47A5B1F51A3F}.Release|Any CPU.ActiveCfg = Release|Any CPU
		{D041CB39-8485-4149-8EB6-47A5B1F51A3F}.Release|Any CPU.Build.0 = Release|Any CPU
		{D041CB39-8485-4149-8EB6-47A5B1F51A3F}.Release|ARM.ActiveCfg = Release|Any CPU
		{D041CB39-8485-4149-8EB6-47A5B1F51A3F}.Release|ARM.Build.0 = Release|Any CPU
		{D041CB39-8485-4149-8EB6-47A5B1F51A3F}.Release|x64.ActiveCfg = Release|Any CPU
		{D041CB39-8485-4149-8EB6-47A5B1F51A3F}.Release|x64.Build.0 = Release|Any CPU
		{D041CB39-8485-4149-8EB6-47A5B1F51A3F}.Release|x86.ActiveCfg = Release|Any CPU
		{D041CB39-8485-4149-8EB6-47A5B1F51A3F}.Release|x86.Build.0 = Release|Any CPU
		{636CBD79-AF50-4F0B-8AB4-9ED752125A54}.Debug|Any CPU.ActiveCfg = Debug|Any CPU
		{636CBD79-AF50-4F0B-8AB4-9ED752125A54}.Debug|Any CPU.Build.0 = Debug|Any CPU
		{636CBD79-AF50-4F0B-8AB4-9ED752125A54}.Debug|ARM.ActiveCfg = Debug|Any CPU
		{636CBD79-AF50-4F0B-8AB4-9ED752125A54}.Debug|ARM.Build.0 = Debug|Any CPU
		{636CBD79-AF50-4F0B-8AB4-9ED752125A54}.Debug|x64.ActiveCfg = Debug|Any CPU
		{636CBD79-AF50-4F0B-8AB4-9ED752125A54}.Debug|x64.Build.0 = Debug|Any CPU
		{636CBD79-AF50-4F0B-8AB4-9ED752125A54}.Debug|x86.ActiveCfg = Debug|Any CPU
		{636CBD79-AF50-4F0B-8AB4-9ED752125A54}.Debug|x86.Build.0 = Debug|Any CPU
		{636CBD79-AF50-4F0B-8AB4-9ED752125A54}.Release|Any CPU.ActiveCfg = Release|Any CPU
		{636CBD79-AF50-4F0B-8AB4-9ED752125A54}.Release|Any CPU.Build.0 = Release|Any CPU
		{636CBD79-AF50-4F0B-8AB4-9ED752125A54}.Release|ARM.ActiveCfg = Release|Any CPU
		{636CBD79-AF50-4F0B-8AB4-9ED752125A54}.Release|ARM.Build.0 = Release|Any CPU
		{636CBD79-AF50-4F0B-8AB4-9ED752125A54}.Release|x64.ActiveCfg = Release|Any CPU
		{636CBD79-AF50-4F0B-8AB4-9ED752125A54}.Release|x64.Build.0 = Release|Any CPU
		{636CBD79-AF50-4F0B-8AB4-9ED752125A54}.Release|x86.ActiveCfg = Release|Any CPU
		{636CBD79-AF50-4F0B-8AB4-9ED752125A54}.Release|x86.Build.0 = Release|Any CPU
		{882F797A-447E-4657-98F8-F2605A8CFD97}.Debug|Any CPU.ActiveCfg = Debug|Any CPU
		{882F797A-447E-4657-98F8-F2605A8CFD97}.Debug|Any CPU.Build.0 = Debug|Any CPU
		{882F797A-447E-4657-98F8-F2605A8CFD97}.Debug|ARM.ActiveCfg = Debug|Any CPU
		{882F797A-447E-4657-98F8-F2605A8CFD97}.Debug|ARM.Build.0 = Debug|Any CPU
		{882F797A-447E-4657-98F8-F2605A8CFD97}.Debug|x64.ActiveCfg = Debug|Any CPU
		{882F797A-447E-4657-98F8-F2605A8CFD97}.Debug|x64.Build.0 = Debug|Any CPU
		{882F797A-447E-4657-98F8-F2605A8CFD97}.Debug|x86.ActiveCfg = Debug|Any CPU
		{882F797A-447E-4657-98F8-F2605A8CFD97}.Debug|x86.Build.0 = Debug|Any CPU
		{882F797A-447E-4657-98F8-F2605A8CFD97}.Release|Any CPU.ActiveCfg = Release|Any CPU
		{882F797A-447E-4657-98F8-F2605A8CFD97}.Release|Any CPU.Build.0 = Release|Any CPU
		{882F797A-447E-4657-98F8-F2605A8CFD97}.Release|ARM.ActiveCfg = Release|Any CPU
		{882F797A-447E-4657-98F8-F2605A8CFD97}.Release|ARM.Build.0 = Release|Any CPU
		{882F797A-447E-4657-98F8-F2605A8CFD97}.Release|x64.ActiveCfg = Release|Any CPU
		{882F797A-447E-4657-98F8-F2605A8CFD97}.Release|x64.Build.0 = Release|Any CPU
		{882F797A-447E-4657-98F8-F2605A8CFD97}.Release|x86.ActiveCfg = Release|Any CPU
		{882F797A-447E-4657-98F8-F2605A8CFD97}.Release|x86.Build.0 = Release|Any CPU
		{5676A9D9-2103-4003-A802-04B21737A8FC}.Debug|Any CPU.ActiveCfg = Debug|Any CPU
		{5676A9D9-2103-4003-A802-04B21737A8FC}.Debug|Any CPU.Build.0 = Debug|Any CPU
		{5676A9D9-2103-4003-A802-04B21737A8FC}.Debug|ARM.ActiveCfg = Debug|Any CPU
		{5676A9D9-2103-4003-A802-04B21737A8FC}.Debug|ARM.Build.0 = Debug|Any CPU
		{5676A9D9-2103-4003-A802-04B21737A8FC}.Debug|x64.ActiveCfg = Debug|Any CPU
		{5676A9D9-2103-4003-A802-04B21737A8FC}.Debug|x64.Build.0 = Debug|Any CPU
		{5676A9D9-2103-4003-A802-04B21737A8FC}.Debug|x86.ActiveCfg = Debug|Any CPU
		{5676A9D9-2103-4003-A802-04B21737A8FC}.Debug|x86.Build.0 = Debug|Any CPU
		{5676A9D9-2103-4003-A802-04B21737A8FC}.Release|Any CPU.ActiveCfg = Release|Any CPU
		{5676A9D9-2103-4003-A802-04B21737A8FC}.Release|Any CPU.Build.0 = Release|Any CPU
		{5676A9D9-2103-4003-A802-04B21737A8FC}.Release|ARM.ActiveCfg = Release|Any CPU
		{5676A9D9-2103-4003-A802-04B21737A8FC}.Release|ARM.Build.0 = Release|Any CPU
		{5676A9D9-2103-4003-A802-04B21737A8FC}.Release|x64.ActiveCfg = Release|Any CPU
		{5676A9D9-2103-4003-A802-04B21737A8FC}.Release|x64.Build.0 = Release|Any CPU
		{5676A9D9-2103-4003-A802-04B21737A8FC}.Release|x86.ActiveCfg = Release|Any CPU
		{5676A9D9-2103-4003-A802-04B21737A8FC}.Release|x86.Build.0 = Release|Any CPU
		{2DC0D5EC-E1F3-4FE5-AB48-33B849C8FDC1}.Debug|Any CPU.ActiveCfg = Debug|x86
		{2DC0D5EC-E1F3-4FE5-AB48-33B849C8FDC1}.Debug|ARM.ActiveCfg = Debug|ARM
		{2DC0D5EC-E1F3-4FE5-AB48-33B849C8FDC1}.Debug|ARM.Build.0 = Debug|ARM
		{2DC0D5EC-E1F3-4FE5-AB48-33B849C8FDC1}.Debug|ARM.Deploy.0 = Debug|ARM
		{2DC0D5EC-E1F3-4FE5-AB48-33B849C8FDC1}.Debug|x64.ActiveCfg = Debug|x64
		{2DC0D5EC-E1F3-4FE5-AB48-33B849C8FDC1}.Debug|x64.Build.0 = Debug|x64
		{2DC0D5EC-E1F3-4FE5-AB48-33B849C8FDC1}.Debug|x64.Deploy.0 = Debug|x64
		{2DC0D5EC-E1F3-4FE5-AB48-33B849C8FDC1}.Debug|x86.ActiveCfg = Debug|x86
		{2DC0D5EC-E1F3-4FE5-AB48-33B849C8FDC1}.Debug|x86.Build.0 = Debug|x86
		{2DC0D5EC-E1F3-4FE5-AB48-33B849C8FDC1}.Debug|x86.Deploy.0 = Debug|x86
		{2DC0D5EC-E1F3-4FE5-AB48-33B849C8FDC1}.Release|Any CPU.ActiveCfg = Release|x86
		{2DC0D5EC-E1F3-4FE5-AB48-33B849C8FDC1}.Release|ARM.ActiveCfg = Release|ARM
		{2DC0D5EC-E1F3-4FE5-AB48-33B849C8FDC1}.Release|ARM.Build.0 = Release|ARM
		{2DC0D5EC-E1F3-4FE5-AB48-33B849C8FDC1}.Release|ARM.Deploy.0 = Release|ARM
		{2DC0D5EC-E1F3-4FE5-AB48-33B849C8FDC1}.Release|x64.ActiveCfg = Release|x64
		{2DC0D5EC-E1F3-4FE5-AB48-33B849C8FDC1}.Release|x64.Build.0 = Release|x64
		{2DC0D5EC-E1F3-4FE5-AB48-33B849C8FDC1}.Release|x64.Deploy.0 = Release|x64
		{2DC0D5EC-E1F3-4FE5-AB48-33B849C8FDC1}.Release|x86.ActiveCfg = Release|x86
		{2DC0D5EC-E1F3-4FE5-AB48-33B849C8FDC1}.Release|x86.Build.0 = Release|x86
		{2DC0D5EC-E1F3-4FE5-AB48-33B849C8FDC1}.Release|x86.Deploy.0 = Release|x86
		{EAF24E24-1611-4034-AD27-85ABB3706C8C}.Debug|Any CPU.ActiveCfg = Debug|x86
		{EAF24E24-1611-4034-AD27-85ABB3706C8C}.Debug|ARM.ActiveCfg = Debug|ARM
		{EAF24E24-1611-4034-AD27-85ABB3706C8C}.Debug|ARM.Build.0 = Debug|ARM
		{EAF24E24-1611-4034-AD27-85ABB3706C8C}.Debug|ARM.Deploy.0 = Debug|ARM
		{EAF24E24-1611-4034-AD27-85ABB3706C8C}.Debug|x64.ActiveCfg = Debug|x64
		{EAF24E24-1611-4034-AD27-85ABB3706C8C}.Debug|x64.Build.0 = Debug|x64
		{EAF24E24-1611-4034-AD27-85ABB3706C8C}.Debug|x64.Deploy.0 = Debug|x64
		{EAF24E24-1611-4034-AD27-85ABB3706C8C}.Debug|x86.ActiveCfg = Debug|x86
		{EAF24E24-1611-4034-AD27-85ABB3706C8C}.Debug|x86.Build.0 = Debug|x86
		{EAF24E24-1611-4034-AD27-85ABB3706C8C}.Debug|x86.Deploy.0 = Debug|x86
		{EAF24E24-1611-4034-AD27-85ABB3706C8C}.Release|Any CPU.ActiveCfg = Release|x86
		{EAF24E24-1611-4034-AD27-85ABB3706C8C}.Release|ARM.ActiveCfg = Release|ARM
		{EAF24E24-1611-4034-AD27-85ABB3706C8C}.Release|ARM.Build.0 = Release|ARM
		{EAF24E24-1611-4034-AD27-85ABB3706C8C}.Release|ARM.Deploy.0 = Release|ARM
		{EAF24E24-1611-4034-AD27-85ABB3706C8C}.Release|x64.ActiveCfg = Release|x64
		{EAF24E24-1611-4034-AD27-85ABB3706C8C}.Release|x64.Build.0 = Release|x64
		{EAF24E24-1611-4034-AD27-85ABB3706C8C}.Release|x64.Deploy.0 = Release|x64
		{EAF24E24-1611-4034-AD27-85ABB3706C8C}.Release|x86.ActiveCfg = Release|x86
		{EAF24E24-1611-4034-AD27-85ABB3706C8C}.Release|x86.Build.0 = Release|x86
		{EAF24E24-1611-4034-AD27-85ABB3706C8C}.Release|x86.Deploy.0 = Release|x86
		{A45099F9-5AF3-4E0A-9B9A-487511E6EED7}.Debug|Any CPU.ActiveCfg = Debug|Any CPU
		{A45099F9-5AF3-4E0A-9B9A-487511E6EED7}.Debug|Any CPU.Build.0 = Debug|Any CPU
		{A45099F9-5AF3-4E0A-9B9A-487511E6EED7}.Debug|ARM.ActiveCfg = Debug|Any CPU
		{A45099F9-5AF3-4E0A-9B9A-487511E6EED7}.Debug|ARM.Build.0 = Debug|Any CPU
		{A45099F9-5AF3-4E0A-9B9A-487511E6EED7}.Debug|x64.ActiveCfg = Debug|Any CPU
		{A45099F9-5AF3-4E0A-9B9A-487511E6EED7}.Debug|x64.Build.0 = Debug|Any CPU
		{A45099F9-5AF3-4E0A-9B9A-487511E6EED7}.Debug|x86.ActiveCfg = Debug|Any CPU
		{A45099F9-5AF3-4E0A-9B9A-487511E6EED7}.Debug|x86.Build.0 = Debug|Any CPU
		{A45099F9-5AF3-4E0A-9B9A-487511E6EED7}.Release|Any CPU.ActiveCfg = Release|Any CPU
		{A45099F9-5AF3-4E0A-9B9A-487511E6EED7}.Release|Any CPU.Build.0 = Release|Any CPU
		{A45099F9-5AF3-4E0A-9B9A-487511E6EED7}.Release|ARM.ActiveCfg = Release|Any CPU
		{A45099F9-5AF3-4E0A-9B9A-487511E6EED7}.Release|ARM.Build.0 = Release|Any CPU
		{A45099F9-5AF3-4E0A-9B9A-487511E6EED7}.Release|x64.ActiveCfg = Release|Any CPU
		{A45099F9-5AF3-4E0A-9B9A-487511E6EED7}.Release|x64.Build.0 = Release|Any CPU
		{A45099F9-5AF3-4E0A-9B9A-487511E6EED7}.Release|x86.ActiveCfg = Release|Any CPU
		{A45099F9-5AF3-4E0A-9B9A-487511E6EED7}.Release|x86.Build.0 = Release|Any CPU
		{C95A559F-D64E-429A-B01E-ED3D8894DB9A}.Debug|Any CPU.ActiveCfg = Debug|Any CPU
		{C95A559F-D64E-429A-B01E-ED3D8894DB9A}.Debug|Any CPU.Build.0 = Debug|Any CPU
		{C95A559F-D64E-429A-B01E-ED3D8894DB9A}.Debug|ARM.ActiveCfg = Debug|Any CPU
		{C95A559F-D64E-429A-B01E-ED3D8894DB9A}.Debug|ARM.Build.0 = Debug|Any CPU
		{C95A559F-D64E-429A-B01E-ED3D8894DB9A}.Debug|x64.ActiveCfg = Debug|Any CPU
		{C95A559F-D64E-429A-B01E-ED3D8894DB9A}.Debug|x64.Build.0 = Debug|Any CPU
		{C95A559F-D64E-429A-B01E-ED3D8894DB9A}.Debug|x86.ActiveCfg = Debug|Any CPU
		{C95A559F-D64E-429A-B01E-ED3D8894DB9A}.Debug|x86.Build.0 = Debug|Any CPU
		{C95A559F-D64E-429A-B01E-ED3D8894DB9A}.Release|Any CPU.ActiveCfg = Release|Any CPU
		{C95A559F-D64E-429A-B01E-ED3D8894DB9A}.Release|Any CPU.Build.0 = Release|Any CPU
		{C95A559F-D64E-429A-B01E-ED3D8894DB9A}.Release|ARM.ActiveCfg = Release|Any CPU
		{C95A559F-D64E-429A-B01E-ED3D8894DB9A}.Release|ARM.Build.0 = Release|Any CPU
		{C95A559F-D64E-429A-B01E-ED3D8894DB9A}.Release|x64.ActiveCfg = Release|Any CPU
		{C95A559F-D64E-429A-B01E-ED3D8894DB9A}.Release|x64.Build.0 = Release|Any CPU
		{C95A559F-D64E-429A-B01E-ED3D8894DB9A}.Release|x86.ActiveCfg = Release|Any CPU
		{C95A559F-D64E-429A-B01E-ED3D8894DB9A}.Release|x86.Build.0 = Release|Any CPU
		{458490CE-5697-41F9-8730-8241C1A2DA9E}.Debug|Any CPU.ActiveCfg = Debug|Any CPU
		{458490CE-5697-41F9-8730-8241C1A2DA9E}.Debug|Any CPU.Build.0 = Debug|Any CPU
		{458490CE-5697-41F9-8730-8241C1A2DA9E}.Debug|ARM.ActiveCfg = Debug|Any CPU
		{458490CE-5697-41F9-8730-8241C1A2DA9E}.Debug|ARM.Build.0 = Debug|Any CPU
		{458490CE-5697-41F9-8730-8241C1A2DA9E}.Debug|x64.ActiveCfg = Debug|Any CPU
		{458490CE-5697-41F9-8730-8241C1A2DA9E}.Debug|x64.Build.0 = Debug|Any CPU
		{458490CE-5697-41F9-8730-8241C1A2DA9E}.Debug|x86.ActiveCfg = Debug|Any CPU
		{458490CE-5697-41F9-8730-8241C1A2DA9E}.Debug|x86.Build.0 = Debug|Any CPU
		{458490CE-5697-41F9-8730-8241C1A2DA9E}.Release|Any CPU.ActiveCfg = Release|Any CPU
		{458490CE-5697-41F9-8730-8241C1A2DA9E}.Release|Any CPU.Build.0 = Release|Any CPU
		{458490CE-5697-41F9-8730-8241C1A2DA9E}.Release|ARM.ActiveCfg = Release|Any CPU
		{458490CE-5697-41F9-8730-8241C1A2DA9E}.Release|ARM.Build.0 = Release|Any CPU
		{458490CE-5697-41F9-8730-8241C1A2DA9E}.Release|x64.ActiveCfg = Release|Any CPU
		{458490CE-5697-41F9-8730-8241C1A2DA9E}.Release|x64.Build.0 = Release|Any CPU
		{458490CE-5697-41F9-8730-8241C1A2DA9E}.Release|x86.ActiveCfg = Release|Any CPU
		{458490CE-5697-41F9-8730-8241C1A2DA9E}.Release|x86.Build.0 = Release|Any CPU
		{5C21DE81-D02A-4172-A882-850A8083C79E}.Debug|Any CPU.ActiveCfg = Debug|Any CPU
		{5C21DE81-D02A-4172-A882-850A8083C79E}.Debug|Any CPU.Build.0 = Debug|Any CPU
		{5C21DE81-D02A-4172-A882-850A8083C79E}.Debug|ARM.ActiveCfg = Debug|Any CPU
		{5C21DE81-D02A-4172-A882-850A8083C79E}.Debug|ARM.Build.0 = Debug|Any CPU
		{5C21DE81-D02A-4172-A882-850A8083C79E}.Debug|x64.ActiveCfg = Debug|Any CPU
		{5C21DE81-D02A-4172-A882-850A8083C79E}.Debug|x64.Build.0 = Debug|Any CPU
		{5C21DE81-D02A-4172-A882-850A8083C79E}.Debug|x86.ActiveCfg = Debug|Any CPU
		{5C21DE81-D02A-4172-A882-850A8083C79E}.Debug|x86.Build.0 = Debug|Any CPU
		{5C21DE81-D02A-4172-A882-850A8083C79E}.Release|Any CPU.ActiveCfg = Release|Any CPU
		{5C21DE81-D02A-4172-A882-850A8083C79E}.Release|Any CPU.Build.0 = Release|Any CPU
		{5C21DE81-D02A-4172-A882-850A8083C79E}.Release|ARM.ActiveCfg = Release|Any CPU
		{5C21DE81-D02A-4172-A882-850A8083C79E}.Release|ARM.Build.0 = Release|Any CPU
		{5C21DE81-D02A-4172-A882-850A8083C79E}.Release|x64.ActiveCfg = Release|Any CPU
		{5C21DE81-D02A-4172-A882-850A8083C79E}.Release|x64.Build.0 = Release|Any CPU
		{5C21DE81-D02A-4172-A882-850A8083C79E}.Release|x86.ActiveCfg = Release|Any CPU
		{5C21DE81-D02A-4172-A882-850A8083C79E}.Release|x86.Build.0 = Release|Any CPU
		{1E47049F-8836-4263-AFA2-4A9199DB00FE}.Debug|Any CPU.ActiveCfg = Debug|Any CPU
		{1E47049F-8836-4263-AFA2-4A9199DB00FE}.Debug|Any CPU.Build.0 = Debug|Any CPU
		{1E47049F-8836-4263-AFA2-4A9199DB00FE}.Debug|ARM.ActiveCfg = Debug|Any CPU
		{1E47049F-8836-4263-AFA2-4A9199DB00FE}.Debug|ARM.Build.0 = Debug|Any CPU
		{1E47049F-8836-4263-AFA2-4A9199DB00FE}.Debug|x64.ActiveCfg = Debug|Any CPU
		{1E47049F-8836-4263-AFA2-4A9199DB00FE}.Debug|x64.Build.0 = Debug|Any CPU
		{1E47049F-8836-4263-AFA2-4A9199DB00FE}.Debug|x86.ActiveCfg = Debug|Any CPU
		{1E47049F-8836-4263-AFA2-4A9199DB00FE}.Debug|x86.Build.0 = Debug|Any CPU
		{1E47049F-8836-4263-AFA2-4A9199DB00FE}.Release|Any CPU.ActiveCfg = Release|Any CPU
		{1E47049F-8836-4263-AFA2-4A9199DB00FE}.Release|Any CPU.Build.0 = Release|Any CPU
		{1E47049F-8836-4263-AFA2-4A9199DB00FE}.Release|ARM.ActiveCfg = Release|Any CPU
		{1E47049F-8836-4263-AFA2-4A9199DB00FE}.Release|ARM.Build.0 = Release|Any CPU
		{1E47049F-8836-4263-AFA2-4A9199DB00FE}.Release|x64.ActiveCfg = Release|Any CPU
		{1E47049F-8836-4263-AFA2-4A9199DB00FE}.Release|x64.Build.0 = Release|Any CPU
		{1E47049F-8836-4263-AFA2-4A9199DB00FE}.Release|x86.ActiveCfg = Release|Any CPU
		{1E47049F-8836-4263-AFA2-4A9199DB00FE}.Release|x86.Build.0 = Release|Any CPU
		{3AD165D3-E35A-4A54-99E2-DD0D3CBC9AE7}.Debug|Any CPU.ActiveCfg = Debug|Any CPU
		{3AD165D3-E35A-4A54-99E2-DD0D3CBC9AE7}.Debug|Any CPU.Build.0 = Debug|Any CPU
		{3AD165D3-E35A-4A54-99E2-DD0D3CBC9AE7}.Debug|ARM.ActiveCfg = Debug|Any CPU
		{3AD165D3-E35A-4A54-99E2-DD0D3CBC9AE7}.Debug|ARM.Build.0 = Debug|Any CPU
		{3AD165D3-E35A-4A54-99E2-DD0D3CBC9AE7}.Debug|x64.ActiveCfg = Debug|Any CPU
		{3AD165D3-E35A-4A54-99E2-DD0D3CBC9AE7}.Debug|x64.Build.0 = Debug|Any CPU
		{3AD165D3-E35A-4A54-99E2-DD0D3CBC9AE7}.Debug|x86.ActiveCfg = Debug|Any CPU
		{3AD165D3-E35A-4A54-99E2-DD0D3CBC9AE7}.Debug|x86.Build.0 = Debug|Any CPU
		{3AD165D3-E35A-4A54-99E2-DD0D3CBC9AE7}.Release|Any CPU.ActiveCfg = Release|Any CPU
		{3AD165D3-E35A-4A54-99E2-DD0D3CBC9AE7}.Release|Any CPU.Build.0 = Release|Any CPU
		{3AD165D3-E35A-4A54-99E2-DD0D3CBC9AE7}.Release|ARM.ActiveCfg = Release|Any CPU
		{3AD165D3-E35A-4A54-99E2-DD0D3CBC9AE7}.Release|ARM.Build.0 = Release|Any CPU
		{3AD165D3-E35A-4A54-99E2-DD0D3CBC9AE7}.Release|x64.ActiveCfg = Release|Any CPU
		{3AD165D3-E35A-4A54-99E2-DD0D3CBC9AE7}.Release|x64.Build.0 = Release|Any CPU
		{3AD165D3-E35A-4A54-99E2-DD0D3CBC9AE7}.Release|x86.ActiveCfg = Release|Any CPU
		{3AD165D3-E35A-4A54-99E2-DD0D3CBC9AE7}.Release|x86.Build.0 = Release|Any CPU
		{A8BA1066-5695-4D71-ABB4-65E5A5E0C3D4}.Debug|Any CPU.ActiveCfg = Debug|Any CPU
		{A8BA1066-5695-4D71-ABB4-65E5A5E0C3D4}.Debug|Any CPU.Build.0 = Debug|Any CPU
		{A8BA1066-5695-4D71-ABB4-65E5A5E0C3D4}.Debug|ARM.ActiveCfg = Debug|Any CPU
		{A8BA1066-5695-4D71-ABB4-65E5A5E0C3D4}.Debug|ARM.Build.0 = Debug|Any CPU
		{A8BA1066-5695-4D71-ABB4-65E5A5E0C3D4}.Debug|x64.ActiveCfg = Debug|Any CPU
		{A8BA1066-5695-4D71-ABB4-65E5A5E0C3D4}.Debug|x64.Build.0 = Debug|Any CPU
		{A8BA1066-5695-4D71-ABB4-65E5A5E0C3D4}.Debug|x86.ActiveCfg = Debug|Any CPU
		{A8BA1066-5695-4D71-ABB4-65E5A5E0C3D4}.Debug|x86.Build.0 = Debug|Any CPU
		{A8BA1066-5695-4D71-ABB4-65E5A5E0C3D4}.Release|Any CPU.ActiveCfg = Release|Any CPU
		{A8BA1066-5695-4D71-ABB4-65E5A5E0C3D4}.Release|Any CPU.Build.0 = Release|Any CPU
		{A8BA1066-5695-4D71-ABB4-65E5A5E0C3D4}.Release|ARM.ActiveCfg = Release|Any CPU
		{A8BA1066-5695-4D71-ABB4-65E5A5E0C3D4}.Release|ARM.Build.0 = Release|Any CPU
		{A8BA1066-5695-4D71-ABB4-65E5A5E0C3D4}.Release|x64.ActiveCfg = Release|Any CPU
		{A8BA1066-5695-4D71-ABB4-65E5A5E0C3D4}.Release|x64.Build.0 = Release|Any CPU
		{A8BA1066-5695-4D71-ABB4-65E5A5E0C3D4}.Release|x86.ActiveCfg = Release|Any CPU
		{A8BA1066-5695-4D71-ABB4-65E5A5E0C3D4}.Release|x86.Build.0 = Release|Any CPU
	EndGlobalSection
	GlobalSection(SolutionProperties) = preSolution
		HideSolutionNode = FALSE
	EndGlobalSection
	GlobalSection(NestedProjects) = preSolution
		{DF00915E-23C3-4F27-8986-5F9BF88196CE} = {890BDEF5-83EB-4C13-9523-6F284843976A}
		{D041CB39-8485-4149-8EB6-47A5B1F51A3F} = {8E694941-F2C8-44AC-9CF8-58174643A233}
		{636CBD79-AF50-4F0B-8AB4-9ED752125A54} = {9E3BFC01-2ACA-4829-A4EE-E405A783F085}
		{882F797A-447E-4657-98F8-F2605A8CFD97} = {02D85C9C-14AE-4B2E-A789-8D22FBAD9235}
		{5676A9D9-2103-4003-A802-04B21737A8FC} = {AE135376-B712-4E25-91AF-0E5620DF5D85}
		{2DC0D5EC-E1F3-4FE5-AB48-33B849C8FDC1} = {69F39FF6-8755-4462-955F-F04F7B0BE2AC}
		{EAF24E24-1611-4034-AD27-85ABB3706C8C} = {69F39FF6-8755-4462-955F-F04F7B0BE2AC}
		{A45099F9-5AF3-4E0A-9B9A-487511E6EED7} = {1662228B-154E-496A-8844-D9870EB88900}
		{C95A559F-D64E-429A-B01E-ED3D8894DB9A} = {1662228B-154E-496A-8844-D9870EB88900}
		{458490CE-5697-41F9-8730-8241C1A2DA9E} = {B9B9542D-25EF-4428-87A8-8CFEDEC4CAC7}
		{5C21DE81-D02A-4172-A882-850A8083C79E} = {B9B9542D-25EF-4428-87A8-8CFEDEC4CAC7}
		{B9B9542D-25EF-4428-87A8-8CFEDEC4CAC7} = {69F39FF6-8755-4462-955F-F04F7B0BE2AC}
		{1E47049F-8836-4263-AFA2-4A9199DB00FE} = {B9B9542D-25EF-4428-87A8-8CFEDEC4CAC7}
		{3AD165D3-E35A-4A54-99E2-DD0D3CBC9AE7} = {B9B9542D-25EF-4428-87A8-8CFEDEC4CAC7}
		{A8BA1066-5695-4D71-ABB4-65E5A5E0C3D4} = {B9E1DF09-5756-411F-A330-096A36D24B2E}
	EndGlobalSection
EndGlobal
