
Microsoft Visual Studio Solution File, Format Version 12.00
# Visual Studio 15
VisualStudioVersion = 15.0.26403.7
MinimumVisualStudioVersion = 10.0.40219.1
Project("{FAE04EC0-301F-11D3-BF4B-00C04F79EFBC}") = "AngkasaPura.Botsky", "AngkasaPura.Botsky\AngkasaPura.Botsky.csproj", "{A45099F9-5AF3-4E0A-9B9A-487511E6EED7}"
EndProject
Project("{2150E333-8FDC-42A3-9474-1A3956D46DE8}") = "services", "services", "{883428EC-DF7B-4BF9-9FF4-FAA7555EE9BF}"
EndProject
Project("{FAE04EC0-301F-11D3-BF4B-00C04F79EFBC}") = "DataService", "DataService\DataService.csproj", "{C95A559F-D64E-429A-B01E-ED3D8894DB9A}"
EndProject
Project("{2150E333-8FDC-42A3-9474-1A3956D46DE8}") = "bots", "bots", "{D5D3B4DD-D0E8-41F6-B6C2-BF6749ACDF68}"
EndProject
Project("{2150E333-8FDC-42A3-9474-1A3956D46DE8}") = "mobileapp", "mobileapp", "{D51C9F92-D969-48A2-BCF3-33A14FEB89B6}"
EndProject
Project("{FAE04EC0-301F-11D3-BF4B-00C04F79EFBC}") = "AngkasaPura.BotSkyApp.Android", "AngkasaPura.BotSkyApp\AngkasaPura.BotSkyApp.Android\AngkasaPura.BotSkyApp.Android.csproj", "{E1336CDB-30F5-449D-A0EA-373C9B35C193}"
EndProject
Project("{FAE04EC0-301F-11D3-BF4B-00C04F79EFBC}") = "AngkasaPura.BotSkyApp", "AngkasaPura.BotSkyApp\AngkasaPura.BotSkyApp\AngkasaPura.BotSkyApp.csproj", "{B1D0EBAC-95A8-4E16-AF80-5B344C0A9099}"
EndProject
Project("{FAE04EC0-301F-11D3-BF4B-00C04F79EFBC}") = "AngkasaPura.BotSkyApp.UWP", "AngkasaPura.BotSkyApp\AngkasaPura.BotSkyApp.UWP\AngkasaPura.BotSkyApp.UWP.csproj", "{238E63B8-02DD-4FAC-ADF1-285407FE9B3F}"
EndProject
Project("{FAE04EC0-301F-11D3-BF4B-00C04F79EFBC}") = "AngkasaPura.BotSkyApp.iOS", "AngkasaPura.BotSkyApp\AngkasaPura.BotSkyApp.iOS\AngkasaPura.BotSkyApp.iOS.csproj", "{67676673-DBC7-4621-A144-D957916F1916}"
EndProject
Global
	GlobalSection(SolutionConfigurationPlatforms) = preSolution
		Ad-Hoc|Any CPU = Ad-Hoc|Any CPU
		Ad-Hoc|ARM = Ad-Hoc|ARM
		Ad-Hoc|iPhone = Ad-Hoc|iPhone
		Ad-Hoc|iPhoneSimulator = Ad-Hoc|iPhoneSimulator
		Ad-Hoc|x64 = Ad-Hoc|x64
		Ad-Hoc|x86 = Ad-Hoc|x86
		AppStore|Any CPU = AppStore|Any CPU
		AppStore|ARM = AppStore|ARM
		AppStore|iPhone = AppStore|iPhone
		AppStore|iPhoneSimulator = AppStore|iPhoneSimulator
		AppStore|x64 = AppStore|x64
		AppStore|x86 = AppStore|x86
		Debug|Any CPU = Debug|Any CPU
		Debug|ARM = Debug|ARM
		Debug|iPhone = Debug|iPhone
		Debug|iPhoneSimulator = Debug|iPhoneSimulator
		Debug|x64 = Debug|x64
		Debug|x86 = Debug|x86
		Release|Any CPU = Release|Any CPU
		Release|ARM = Release|ARM
		Release|iPhone = Release|iPhone
		Release|iPhoneSimulator = Release|iPhoneSimulator
		Release|x64 = Release|x64
		Release|x86 = Release|x86
	EndGlobalSection
	GlobalSection(ProjectConfigurationPlatforms) = postSolution
		{A45099F9-5AF3-4E0A-9B9A-487511E6EED7}.Ad-Hoc|Any CPU.ActiveCfg = Release|Any CPU
		{A45099F9-5AF3-4E0A-9B9A-487511E6EED7}.Ad-Hoc|Any CPU.Build.0 = Release|Any CPU
		{A45099F9-5AF3-4E0A-9B9A-487511E6EED7}.Ad-Hoc|ARM.ActiveCfg = Release|Any CPU
		{A45099F9-5AF3-4E0A-9B9A-487511E6EED7}.Ad-Hoc|ARM.Build.0 = Release|Any CPU
		{A45099F9-5AF3-4E0A-9B9A-487511E6EED7}.Ad-Hoc|iPhone.ActiveCfg = Release|Any CPU
		{A45099F9-5AF3-4E0A-9B9A-487511E6EED7}.Ad-Hoc|iPhone.Build.0 = Release|Any CPU
		{A45099F9-5AF3-4E0A-9B9A-487511E6EED7}.Ad-Hoc|iPhoneSimulator.ActiveCfg = Release|Any CPU
		{A45099F9-5AF3-4E0A-9B9A-487511E6EED7}.Ad-Hoc|iPhoneSimulator.Build.0 = Release|Any CPU
		{A45099F9-5AF3-4E0A-9B9A-487511E6EED7}.Ad-Hoc|x64.ActiveCfg = Release|Any CPU
		{A45099F9-5AF3-4E0A-9B9A-487511E6EED7}.Ad-Hoc|x64.Build.0 = Release|Any CPU
		{A45099F9-5AF3-4E0A-9B9A-487511E6EED7}.Ad-Hoc|x86.ActiveCfg = Release|Any CPU
		{A45099F9-5AF3-4E0A-9B9A-487511E6EED7}.Ad-Hoc|x86.Build.0 = Release|Any CPU
		{A45099F9-5AF3-4E0A-9B9A-487511E6EED7}.AppStore|Any CPU.ActiveCfg = Release|Any CPU
		{A45099F9-5AF3-4E0A-9B9A-487511E6EED7}.AppStore|Any CPU.Build.0 = Release|Any CPU
		{A45099F9-5AF3-4E0A-9B9A-487511E6EED7}.AppStore|ARM.ActiveCfg = Release|Any CPU
		{A45099F9-5AF3-4E0A-9B9A-487511E6EED7}.AppStore|ARM.Build.0 = Release|Any CPU
		{A45099F9-5AF3-4E0A-9B9A-487511E6EED7}.AppStore|iPhone.ActiveCfg = Release|Any CPU
		{A45099F9-5AF3-4E0A-9B9A-487511E6EED7}.AppStore|iPhone.Build.0 = Release|Any CPU
		{A45099F9-5AF3-4E0A-9B9A-487511E6EED7}.AppStore|iPhoneSimulator.ActiveCfg = Release|Any CPU
		{A45099F9-5AF3-4E0A-9B9A-487511E6EED7}.AppStore|iPhoneSimulator.Build.0 = Release|Any CPU
		{A45099F9-5AF3-4E0A-9B9A-487511E6EED7}.AppStore|x64.ActiveCfg = Release|Any CPU
		{A45099F9-5AF3-4E0A-9B9A-487511E6EED7}.AppStore|x64.Build.0 = Release|Any CPU
		{A45099F9-5AF3-4E0A-9B9A-487511E6EED7}.AppStore|x86.ActiveCfg = Release|Any CPU
		{A45099F9-5AF3-4E0A-9B9A-487511E6EED7}.AppStore|x86.Build.0 = Release|Any CPU
		{A45099F9-5AF3-4E0A-9B9A-487511E6EED7}.Debug|Any CPU.ActiveCfg = Debug|Any CPU
		{A45099F9-5AF3-4E0A-9B9A-487511E6EED7}.Debug|Any CPU.Build.0 = Debug|Any CPU
		{A45099F9-5AF3-4E0A-9B9A-487511E6EED7}.Debug|ARM.ActiveCfg = Debug|Any CPU
		{A45099F9-5AF3-4E0A-9B9A-487511E6EED7}.Debug|ARM.Build.0 = Debug|Any CPU
		{A45099F9-5AF3-4E0A-9B9A-487511E6EED7}.Debug|iPhone.ActiveCfg = Debug|Any CPU
		{A45099F9-5AF3-4E0A-9B9A-487511E6EED7}.Debug|iPhone.Build.0 = Debug|Any CPU
		{A45099F9-5AF3-4E0A-9B9A-487511E6EED7}.Debug|iPhoneSimulator.ActiveCfg = Debug|Any CPU
		{A45099F9-5AF3-4E0A-9B9A-487511E6EED7}.Debug|iPhoneSimulator.Build.0 = Debug|Any CPU
		{A45099F9-5AF3-4E0A-9B9A-487511E6EED7}.Debug|x64.ActiveCfg = Debug|Any CPU
		{A45099F9-5AF3-4E0A-9B9A-487511E6EED7}.Debug|x64.Build.0 = Debug|Any CPU
		{A45099F9-5AF3-4E0A-9B9A-487511E6EED7}.Debug|x86.ActiveCfg = Debug|Any CPU
		{A45099F9-5AF3-4E0A-9B9A-487511E6EED7}.Debug|x86.Build.0 = Debug|Any CPU
		{A45099F9-5AF3-4E0A-9B9A-487511E6EED7}.Release|Any CPU.ActiveCfg = Release|Any CPU
		{A45099F9-5AF3-4E0A-9B9A-487511E6EED7}.Release|Any CPU.Build.0 = Release|Any CPU
		{A45099F9-5AF3-4E0A-9B9A-487511E6EED7}.Release|ARM.ActiveCfg = Release|Any CPU
		{A45099F9-5AF3-4E0A-9B9A-487511E6EED7}.Release|ARM.Build.0 = Release|Any CPU
		{A45099F9-5AF3-4E0A-9B9A-487511E6EED7}.Release|iPhone.ActiveCfg = Release|Any CPU
		{A45099F9-5AF3-4E0A-9B9A-487511E6EED7}.Release|iPhone.Build.0 = Release|Any CPU
		{A45099F9-5AF3-4E0A-9B9A-487511E6EED7}.Release|iPhoneSimulator.ActiveCfg = Release|Any CPU
		{A45099F9-5AF3-4E0A-9B9A-487511E6EED7}.Release|iPhoneSimulator.Build.0 = Release|Any CPU
		{A45099F9-5AF3-4E0A-9B9A-487511E6EED7}.Release|x64.ActiveCfg = Release|Any CPU
		{A45099F9-5AF3-4E0A-9B9A-487511E6EED7}.Release|x64.Build.0 = Release|Any CPU
		{A45099F9-5AF3-4E0A-9B9A-487511E6EED7}.Release|x86.ActiveCfg = Release|Any CPU
		{A45099F9-5AF3-4E0A-9B9A-487511E6EED7}.Release|x86.Build.0 = Release|Any CPU
		{C95A559F-D64E-429A-B01E-ED3D8894DB9A}.Ad-Hoc|Any CPU.ActiveCfg = Release|Any CPU
		{C95A559F-D64E-429A-B01E-ED3D8894DB9A}.Ad-Hoc|ARM.ActiveCfg = Release|Any CPU
		{C95A559F-D64E-429A-B01E-ED3D8894DB9A}.Ad-Hoc|iPhone.ActiveCfg = Release|Any CPU
		{C95A559F-D64E-429A-B01E-ED3D8894DB9A}.Ad-Hoc|iPhoneSimulator.ActiveCfg = Release|Any CPU
		{C95A559F-D64E-429A-B01E-ED3D8894DB9A}.Ad-Hoc|x64.ActiveCfg = Release|Any CPU
		{C95A559F-D64E-429A-B01E-ED3D8894DB9A}.Ad-Hoc|x86.ActiveCfg = Release|Any CPU
		{C95A559F-D64E-429A-B01E-ED3D8894DB9A}.AppStore|Any CPU.ActiveCfg = Release|Any CPU
		{C95A559F-D64E-429A-B01E-ED3D8894DB9A}.AppStore|ARM.ActiveCfg = Release|Any CPU
		{C95A559F-D64E-429A-B01E-ED3D8894DB9A}.AppStore|iPhone.ActiveCfg = Release|Any CPU
		{C95A559F-D64E-429A-B01E-ED3D8894DB9A}.AppStore|iPhoneSimulator.ActiveCfg = Release|Any CPU
		{C95A559F-D64E-429A-B01E-ED3D8894DB9A}.AppStore|x64.ActiveCfg = Release|Any CPU
		{C95A559F-D64E-429A-B01E-ED3D8894DB9A}.AppStore|x86.ActiveCfg = Release|Any CPU
		{C95A559F-D64E-429A-B01E-ED3D8894DB9A}.Debug|Any CPU.ActiveCfg = Debug|Any CPU
		{C95A559F-D64E-429A-B01E-ED3D8894DB9A}.Debug|Any CPU.Build.0 = Debug|Any CPU
		{C95A559F-D64E-429A-B01E-ED3D8894DB9A}.Debug|ARM.ActiveCfg = Debug|Any CPU
		{C95A559F-D64E-429A-B01E-ED3D8894DB9A}.Debug|iPhone.ActiveCfg = Debug|Any CPU
		{C95A559F-D64E-429A-B01E-ED3D8894DB9A}.Debug|iPhoneSimulator.ActiveCfg = Debug|Any CPU
		{C95A559F-D64E-429A-B01E-ED3D8894DB9A}.Debug|x64.ActiveCfg = Debug|Any CPU
		{C95A559F-D64E-429A-B01E-ED3D8894DB9A}.Debug|x86.ActiveCfg = Debug|Any CPU
		{C95A559F-D64E-429A-B01E-ED3D8894DB9A}.Release|Any CPU.ActiveCfg = Release|Any CPU
		{C95A559F-D64E-429A-B01E-ED3D8894DB9A}.Release|Any CPU.Build.0 = Release|Any CPU
		{C95A559F-D64E-429A-B01E-ED3D8894DB9A}.Release|ARM.ActiveCfg = Release|Any CPU
		{C95A559F-D64E-429A-B01E-ED3D8894DB9A}.Release|iPhone.ActiveCfg = Release|Any CPU
		{C95A559F-D64E-429A-B01E-ED3D8894DB9A}.Release|iPhoneSimulator.ActiveCfg = Release|Any CPU
		{C95A559F-D64E-429A-B01E-ED3D8894DB9A}.Release|x64.ActiveCfg = Release|Any CPU
		{C95A559F-D64E-429A-B01E-ED3D8894DB9A}.Release|x86.ActiveCfg = Release|Any CPU
		{E1336CDB-30F5-449D-A0EA-373C9B35C193}.Ad-Hoc|Any CPU.ActiveCfg = Release|Any CPU
		{E1336CDB-30F5-449D-A0EA-373C9B35C193}.Ad-Hoc|Any CPU.Build.0 = Release|Any CPU
		{E1336CDB-30F5-449D-A0EA-373C9B35C193}.Ad-Hoc|Any CPU.Deploy.0 = Release|Any CPU
		{E1336CDB-30F5-449D-A0EA-373C9B35C193}.Ad-Hoc|ARM.ActiveCfg = Release|Any CPU
		{E1336CDB-30F5-449D-A0EA-373C9B35C193}.Ad-Hoc|ARM.Build.0 = Release|Any CPU
		{E1336CDB-30F5-449D-A0EA-373C9B35C193}.Ad-Hoc|ARM.Deploy.0 = Release|Any CPU
		{E1336CDB-30F5-449D-A0EA-373C9B35C193}.Ad-Hoc|iPhone.ActiveCfg = Release|Any CPU
		{E1336CDB-30F5-449D-A0EA-373C9B35C193}.Ad-Hoc|iPhone.Build.0 = Release|Any CPU
		{E1336CDB-30F5-449D-A0EA-373C9B35C193}.Ad-Hoc|iPhone.Deploy.0 = Release|Any CPU
		{E1336CDB-30F5-449D-A0EA-373C9B35C193}.Ad-Hoc|iPhoneSimulator.ActiveCfg = Release|Any CPU
		{E1336CDB-30F5-449D-A0EA-373C9B35C193}.Ad-Hoc|iPhoneSimulator.Build.0 = Release|Any CPU
		{E1336CDB-30F5-449D-A0EA-373C9B35C193}.Ad-Hoc|iPhoneSimulator.Deploy.0 = Release|Any CPU
		{E1336CDB-30F5-449D-A0EA-373C9B35C193}.Ad-Hoc|x64.ActiveCfg = Release|Any CPU
		{E1336CDB-30F5-449D-A0EA-373C9B35C193}.Ad-Hoc|x64.Build.0 = Release|Any CPU
		{E1336CDB-30F5-449D-A0EA-373C9B35C193}.Ad-Hoc|x64.Deploy.0 = Release|Any CPU
		{E1336CDB-30F5-449D-A0EA-373C9B35C193}.Ad-Hoc|x86.ActiveCfg = Release|Any CPU
		{E1336CDB-30F5-449D-A0EA-373C9B35C193}.Ad-Hoc|x86.Build.0 = Release|Any CPU
		{E1336CDB-30F5-449D-A0EA-373C9B35C193}.Ad-Hoc|x86.Deploy.0 = Release|Any CPU
		{E1336CDB-30F5-449D-A0EA-373C9B35C193}.AppStore|Any CPU.ActiveCfg = Release|Any CPU
		{E1336CDB-30F5-449D-A0EA-373C9B35C193}.AppStore|Any CPU.Build.0 = Release|Any CPU
		{E1336CDB-30F5-449D-A0EA-373C9B35C193}.AppStore|Any CPU.Deploy.0 = Release|Any CPU
		{E1336CDB-30F5-449D-A0EA-373C9B35C193}.AppStore|ARM.ActiveCfg = Release|Any CPU
		{E1336CDB-30F5-449D-A0EA-373C9B35C193}.AppStore|ARM.Build.0 = Release|Any CPU
		{E1336CDB-30F5-449D-A0EA-373C9B35C193}.AppStore|ARM.Deploy.0 = Release|Any CPU
		{E1336CDB-30F5-449D-A0EA-373C9B35C193}.AppStore|iPhone.ActiveCfg = Release|Any CPU
		{E1336CDB-30F5-449D-A0EA-373C9B35C193}.AppStore|iPhone.Build.0 = Release|Any CPU
		{E1336CDB-30F5-449D-A0EA-373C9B35C193}.AppStore|iPhone.Deploy.0 = Release|Any CPU
		{E1336CDB-30F5-449D-A0EA-373C9B35C193}.AppStore|iPhoneSimulator.ActiveCfg = Release|Any CPU
		{E1336CDB-30F5-449D-A0EA-373C9B35C193}.AppStore|iPhoneSimulator.Build.0 = Release|Any CPU
		{E1336CDB-30F5-449D-A0EA-373C9B35C193}.AppStore|iPhoneSimulator.Deploy.0 = Release|Any CPU
		{E1336CDB-30F5-449D-A0EA-373C9B35C193}.AppStore|x64.ActiveCfg = Release|Any CPU
		{E1336CDB-30F5-449D-A0EA-373C9B35C193}.AppStore|x64.Build.0 = Release|Any CPU
		{E1336CDB-30F5-449D-A0EA-373C9B35C193}.AppStore|x64.Deploy.0 = Release|Any CPU
		{E1336CDB-30F5-449D-A0EA-373C9B35C193}.AppStore|x86.ActiveCfg = Release|Any CPU
		{E1336CDB-30F5-449D-A0EA-373C9B35C193}.AppStore|x86.Build.0 = Release|Any CPU
		{E1336CDB-30F5-449D-A0EA-373C9B35C193}.AppStore|x86.Deploy.0 = Release|Any CPU
		{E1336CDB-30F5-449D-A0EA-373C9B35C193}.Debug|Any CPU.ActiveCfg = Debug|Any CPU
		{E1336CDB-30F5-449D-A0EA-373C9B35C193}.Debug|Any CPU.Build.0 = Debug|Any CPU
		{E1336CDB-30F5-449D-A0EA-373C9B35C193}.Debug|Any CPU.Deploy.0 = Debug|Any CPU
		{E1336CDB-30F5-449D-A0EA-373C9B35C193}.Debug|ARM.ActiveCfg = Debug|Any CPU
		{E1336CDB-30F5-449D-A0EA-373C9B35C193}.Debug|ARM.Build.0 = Debug|Any CPU
		{E1336CDB-30F5-449D-A0EA-373C9B35C193}.Debug|ARM.Deploy.0 = Debug|Any CPU
		{E1336CDB-30F5-449D-A0EA-373C9B35C193}.Debug|iPhone.ActiveCfg = Debug|Any CPU
		{E1336CDB-30F5-449D-A0EA-373C9B35C193}.Debug|iPhone.Build.0 = Debug|Any CPU
		{E1336CDB-30F5-449D-A0EA-373C9B35C193}.Debug|iPhone.Deploy.0 = Debug|Any CPU
		{E1336CDB-30F5-449D-A0EA-373C9B35C193}.Debug|iPhoneSimulator.ActiveCfg = Debug|Any CPU
		{E1336CDB-30F5-449D-A0EA-373C9B35C193}.Debug|iPhoneSimulator.Build.0 = Debug|Any CPU
		{E1336CDB-30F5-449D-A0EA-373C9B35C193}.Debug|iPhoneSimulator.Deploy.0 = Debug|Any CPU
		{E1336CDB-30F5-449D-A0EA-373C9B35C193}.Debug|x64.ActiveCfg = Debug|Any CPU
		{E1336CDB-30F5-449D-A0EA-373C9B35C193}.Debug|x64.Build.0 = Debug|Any CPU
		{E1336CDB-30F5-449D-A0EA-373C9B35C193}.Debug|x64.Deploy.0 = Debug|Any CPU
		{E1336CDB-30F5-449D-A0EA-373C9B35C193}.Debug|x86.ActiveCfg = Debug|Any CPU
		{E1336CDB-30F5-449D-A0EA-373C9B35C193}.Debug|x86.Build.0 = Debug|Any CPU
		{E1336CDB-30F5-449D-A0EA-373C9B35C193}.Debug|x86.Deploy.0 = Debug|Any CPU
		{E1336CDB-30F5-449D-A0EA-373C9B35C193}.Release|Any CPU.ActiveCfg = Release|Any CPU
		{E1336CDB-30F5-449D-A0EA-373C9B35C193}.Release|Any CPU.Build.0 = Release|Any CPU
		{E1336CDB-30F5-449D-A0EA-373C9B35C193}.Release|Any CPU.Deploy.0 = Release|Any CPU
		{E1336CDB-30F5-449D-A0EA-373C9B35C193}.Release|ARM.ActiveCfg = Release|Any CPU
		{E1336CDB-30F5-449D-A0EA-373C9B35C193}.Release|ARM.Build.0 = Release|Any CPU
		{E1336CDB-30F5-449D-A0EA-373C9B35C193}.Release|ARM.Deploy.0 = Release|Any CPU
		{E1336CDB-30F5-449D-A0EA-373C9B35C193}.Release|iPhone.ActiveCfg = Release|Any CPU
		{E1336CDB-30F5-449D-A0EA-373C9B35C193}.Release|iPhone.Build.0 = Release|Any CPU
		{E1336CDB-30F5-449D-A0EA-373C9B35C193}.Release|iPhone.Deploy.0 = Release|Any CPU
		{E1336CDB-30F5-449D-A0EA-373C9B35C193}.Release|iPhoneSimulator.ActiveCfg = Release|Any CPU
		{E1336CDB-30F5-449D-A0EA-373C9B35C193}.Release|iPhoneSimulator.Build.0 = Release|Any CPU
		{E1336CDB-30F5-449D-A0EA-373C9B35C193}.Release|iPhoneSimulator.Deploy.0 = Release|Any CPU
		{E1336CDB-30F5-449D-A0EA-373C9B35C193}.Release|x64.ActiveCfg = Release|Any CPU
		{E1336CDB-30F5-449D-A0EA-373C9B35C193}.Release|x64.Build.0 = Release|Any CPU
		{E1336CDB-30F5-449D-A0EA-373C9B35C193}.Release|x64.Deploy.0 = Release|Any CPU
		{E1336CDB-30F5-449D-A0EA-373C9B35C193}.Release|x86.ActiveCfg = Release|Any CPU
		{E1336CDB-30F5-449D-A0EA-373C9B35C193}.Release|x86.Build.0 = Release|Any CPU
		{E1336CDB-30F5-449D-A0EA-373C9B35C193}.Release|x86.Deploy.0 = Release|Any CPU
		{B1D0EBAC-95A8-4E16-AF80-5B344C0A9099}.Ad-Hoc|Any CPU.ActiveCfg = Release|Any CPU
		{B1D0EBAC-95A8-4E16-AF80-5B344C0A9099}.Ad-Hoc|Any CPU.Build.0 = Release|Any CPU
		{B1D0EBAC-95A8-4E16-AF80-5B344C0A9099}.Ad-Hoc|ARM.ActiveCfg = Release|Any CPU
		{B1D0EBAC-95A8-4E16-AF80-5B344C0A9099}.Ad-Hoc|ARM.Build.0 = Release|Any CPU
		{B1D0EBAC-95A8-4E16-AF80-5B344C0A9099}.Ad-Hoc|iPhone.ActiveCfg = Release|Any CPU
		{B1D0EBAC-95A8-4E16-AF80-5B344C0A9099}.Ad-Hoc|iPhone.Build.0 = Release|Any CPU
		{B1D0EBAC-95A8-4E16-AF80-5B344C0A9099}.Ad-Hoc|iPhoneSimulator.ActiveCfg = Release|Any CPU
		{B1D0EBAC-95A8-4E16-AF80-5B344C0A9099}.Ad-Hoc|iPhoneSimulator.Build.0 = Release|Any CPU
		{B1D0EBAC-95A8-4E16-AF80-5B344C0A9099}.Ad-Hoc|x64.ActiveCfg = Release|Any CPU
		{B1D0EBAC-95A8-4E16-AF80-5B344C0A9099}.Ad-Hoc|x64.Build.0 = Release|Any CPU
		{B1D0EBAC-95A8-4E16-AF80-5B344C0A9099}.Ad-Hoc|x86.ActiveCfg = Release|Any CPU
		{B1D0EBAC-95A8-4E16-AF80-5B344C0A9099}.Ad-Hoc|x86.Build.0 = Release|Any CPU
		{B1D0EBAC-95A8-4E16-AF80-5B344C0A9099}.AppStore|Any CPU.ActiveCfg = Release|Any CPU
		{B1D0EBAC-95A8-4E16-AF80-5B344C0A9099}.AppStore|Any CPU.Build.0 = Release|Any CPU
		{B1D0EBAC-95A8-4E16-AF80-5B344C0A9099}.AppStore|ARM.ActiveCfg = Release|Any CPU
		{B1D0EBAC-95A8-4E16-AF80-5B344C0A9099}.AppStore|ARM.Build.0 = Release|Any CPU
		{B1D0EBAC-95A8-4E16-AF80-5B344C0A9099}.AppStore|iPhone.ActiveCfg = Release|Any CPU
		{B1D0EBAC-95A8-4E16-AF80-5B344C0A9099}.AppStore|iPhone.Build.0 = Release|Any CPU
		{B1D0EBAC-95A8-4E16-AF80-5B344C0A9099}.AppStore|iPhoneSimulator.ActiveCfg = Release|Any CPU
		{B1D0EBAC-95A8-4E16-AF80-5B344C0A9099}.AppStore|iPhoneSimulator.Build.0 = Release|Any CPU
		{B1D0EBAC-95A8-4E16-AF80-5B344C0A9099}.AppStore|x64.ActiveCfg = Release|Any CPU
		{B1D0EBAC-95A8-4E16-AF80-5B344C0A9099}.AppStore|x64.Build.0 = Release|Any CPU
		{B1D0EBAC-95A8-4E16-AF80-5B344C0A9099}.AppStore|x86.ActiveCfg = Release|Any CPU
		{B1D0EBAC-95A8-4E16-AF80-5B344C0A9099}.AppStore|x86.Build.0 = Release|Any CPU
		{B1D0EBAC-95A8-4E16-AF80-5B344C0A9099}.Debug|Any CPU.ActiveCfg = Debug|Any CPU
		{B1D0EBAC-95A8-4E16-AF80-5B344C0A9099}.Debug|Any CPU.Build.0 = Debug|Any CPU
		{B1D0EBAC-95A8-4E16-AF80-5B344C0A9099}.Debug|ARM.ActiveCfg = Debug|Any CPU
		{B1D0EBAC-95A8-4E16-AF80-5B344C0A9099}.Debug|ARM.Build.0 = Debug|Any CPU
		{B1D0EBAC-95A8-4E16-AF80-5B344C0A9099}.Debug|iPhone.ActiveCfg = Debug|Any CPU
		{B1D0EBAC-95A8-4E16-AF80-5B344C0A9099}.Debug|iPhone.Build.0 = Debug|Any CPU
		{B1D0EBAC-95A8-4E16-AF80-5B344C0A9099}.Debug|iPhoneSimulator.ActiveCfg = Debug|Any CPU
		{B1D0EBAC-95A8-4E16-AF80-5B344C0A9099}.Debug|iPhoneSimulator.Build.0 = Debug|Any CPU
		{B1D0EBAC-95A8-4E16-AF80-5B344C0A9099}.Debug|x64.ActiveCfg = Debug|Any CPU
		{B1D0EBAC-95A8-4E16-AF80-5B344C0A9099}.Debug|x64.Build.0 = Debug|Any CPU
		{B1D0EBAC-95A8-4E16-AF80-5B344C0A9099}.Debug|x86.ActiveCfg = Debug|Any CPU
		{B1D0EBAC-95A8-4E16-AF80-5B344C0A9099}.Debug|x86.Build.0 = Debug|Any CPU
		{B1D0EBAC-95A8-4E16-AF80-5B344C0A9099}.Release|Any CPU.ActiveCfg = Release|Any CPU
		{B1D0EBAC-95A8-4E16-AF80-5B344C0A9099}.Release|Any CPU.Build.0 = Release|Any CPU
		{B1D0EBAC-95A8-4E16-AF80-5B344C0A9099}.Release|ARM.ActiveCfg = Release|Any CPU
		{B1D0EBAC-95A8-4E16-AF80-5B344C0A9099}.Release|ARM.Build.0 = Release|Any CPU
		{B1D0EBAC-95A8-4E16-AF80-5B344C0A9099}.Release|iPhone.ActiveCfg = Release|Any CPU
		{B1D0EBAC-95A8-4E16-AF80-5B344C0A9099}.Release|iPhone.Build.0 = Release|Any CPU
		{B1D0EBAC-95A8-4E16-AF80-5B344C0A9099}.Release|iPhoneSimulator.ActiveCfg = Release|Any CPU
		{B1D0EBAC-95A8-4E16-AF80-5B344C0A9099}.Release|iPhoneSimulator.Build.0 = Release|Any CPU
		{B1D0EBAC-95A8-4E16-AF80-5B344C0A9099}.Release|x64.ActiveCfg = Release|Any CPU
		{B1D0EBAC-95A8-4E16-AF80-5B344C0A9099}.Release|x64.Build.0 = Release|Any CPU
		{B1D0EBAC-95A8-4E16-AF80-5B344C0A9099}.Release|x86.ActiveCfg = Release|Any CPU
		{B1D0EBAC-95A8-4E16-AF80-5B344C0A9099}.Release|x86.Build.0 = Release|Any CPU
		{238E63B8-02DD-4FAC-ADF1-285407FE9B3F}.Ad-Hoc|Any CPU.ActiveCfg = Release|x86
		{238E63B8-02DD-4FAC-ADF1-285407FE9B3F}.Ad-Hoc|Any CPU.Build.0 = Release|x86
		{238E63B8-02DD-4FAC-ADF1-285407FE9B3F}.Ad-Hoc|Any CPU.Deploy.0 = Release|x86
		{238E63B8-02DD-4FAC-ADF1-285407FE9B3F}.Ad-Hoc|ARM.ActiveCfg = Release|ARM
		{238E63B8-02DD-4FAC-ADF1-285407FE9B3F}.Ad-Hoc|ARM.Build.0 = Release|ARM
		{238E63B8-02DD-4FAC-ADF1-285407FE9B3F}.Ad-Hoc|ARM.Deploy.0 = Release|ARM
		{238E63B8-02DD-4FAC-ADF1-285407FE9B3F}.Ad-Hoc|iPhone.ActiveCfg = Release|x86
		{238E63B8-02DD-4FAC-ADF1-285407FE9B3F}.Ad-Hoc|iPhone.Build.0 = Release|x86
		{238E63B8-02DD-4FAC-ADF1-285407FE9B3F}.Ad-Hoc|iPhone.Deploy.0 = Release|x86
		{238E63B8-02DD-4FAC-ADF1-285407FE9B3F}.Ad-Hoc|iPhoneSimulator.ActiveCfg = Release|x86
		{238E63B8-02DD-4FAC-ADF1-285407FE9B3F}.Ad-Hoc|iPhoneSimulator.Build.0 = Release|x86
		{238E63B8-02DD-4FAC-ADF1-285407FE9B3F}.Ad-Hoc|iPhoneSimulator.Deploy.0 = Release|x86
		{238E63B8-02DD-4FAC-ADF1-285407FE9B3F}.Ad-Hoc|x64.ActiveCfg = Release|x64
		{238E63B8-02DD-4FAC-ADF1-285407FE9B3F}.Ad-Hoc|x64.Build.0 = Release|x64
		{238E63B8-02DD-4FAC-ADF1-285407FE9B3F}.Ad-Hoc|x64.Deploy.0 = Release|x64
		{238E63B8-02DD-4FAC-ADF1-285407FE9B3F}.Ad-Hoc|x86.ActiveCfg = Release|x86
		{238E63B8-02DD-4FAC-ADF1-285407FE9B3F}.Ad-Hoc|x86.Build.0 = Release|x86
		{238E63B8-02DD-4FAC-ADF1-285407FE9B3F}.Ad-Hoc|x86.Deploy.0 = Release|x86
		{238E63B8-02DD-4FAC-ADF1-285407FE9B3F}.AppStore|Any CPU.ActiveCfg = Release|x86
		{238E63B8-02DD-4FAC-ADF1-285407FE9B3F}.AppStore|Any CPU.Build.0 = Release|x86
		{238E63B8-02DD-4FAC-ADF1-285407FE9B3F}.AppStore|Any CPU.Deploy.0 = Release|x86
		{238E63B8-02DD-4FAC-ADF1-285407FE9B3F}.AppStore|ARM.ActiveCfg = Release|ARM
		{238E63B8-02DD-4FAC-ADF1-285407FE9B3F}.AppStore|ARM.Build.0 = Release|ARM
		{238E63B8-02DD-4FAC-ADF1-285407FE9B3F}.AppStore|ARM.Deploy.0 = Release|ARM
		{238E63B8-02DD-4FAC-ADF1-285407FE9B3F}.AppStore|iPhone.ActiveCfg = Release|x86
		{238E63B8-02DD-4FAC-ADF1-285407FE9B3F}.AppStore|iPhone.Build.0 = Release|x86
		{238E63B8-02DD-4FAC-ADF1-285407FE9B3F}.AppStore|iPhone.Deploy.0 = Release|x86
		{238E63B8-02DD-4FAC-ADF1-285407FE9B3F}.AppStore|iPhoneSimulator.ActiveCfg = Release|x86
		{238E63B8-02DD-4FAC-ADF1-285407FE9B3F}.AppStore|iPhoneSimulator.Build.0 = Release|x86
		{238E63B8-02DD-4FAC-ADF1-285407FE9B3F}.AppStore|iPhoneSimulator.Deploy.0 = Release|x86
		{238E63B8-02DD-4FAC-ADF1-285407FE9B3F}.AppStore|x64.ActiveCfg = Release|x64
		{238E63B8-02DD-4FAC-ADF1-285407FE9B3F}.AppStore|x64.Build.0 = Release|x64
		{238E63B8-02DD-4FAC-ADF1-285407FE9B3F}.AppStore|x64.Deploy.0 = Release|x64
		{238E63B8-02DD-4FAC-ADF1-285407FE9B3F}.AppStore|x86.ActiveCfg = Release|x86
		{238E63B8-02DD-4FAC-ADF1-285407FE9B3F}.AppStore|x86.Build.0 = Release|x86
		{238E63B8-02DD-4FAC-ADF1-285407FE9B3F}.AppStore|x86.Deploy.0 = Release|x86
		{238E63B8-02DD-4FAC-ADF1-285407FE9B3F}.Debug|Any CPU.ActiveCfg = Debug|x86
		{238E63B8-02DD-4FAC-ADF1-285407FE9B3F}.Debug|ARM.ActiveCfg = Debug|ARM
		{238E63B8-02DD-4FAC-ADF1-285407FE9B3F}.Debug|ARM.Build.0 = Debug|ARM
		{238E63B8-02DD-4FAC-ADF1-285407FE9B3F}.Debug|ARM.Deploy.0 = Debug|ARM
		{238E63B8-02DD-4FAC-ADF1-285407FE9B3F}.Debug|iPhone.ActiveCfg = Debug|x86
		{238E63B8-02DD-4FAC-ADF1-285407FE9B3F}.Debug|iPhoneSimulator.ActiveCfg = Debug|x86
		{238E63B8-02DD-4FAC-ADF1-285407FE9B3F}.Debug|x64.ActiveCfg = Debug|x64
		{238E63B8-02DD-4FAC-ADF1-285407FE9B3F}.Debug|x64.Build.0 = Debug|x64
		{238E63B8-02DD-4FAC-ADF1-285407FE9B3F}.Debug|x64.Deploy.0 = Debug|x64
		{238E63B8-02DD-4FAC-ADF1-285407FE9B3F}.Debug|x86.ActiveCfg = Debug|x86
		{238E63B8-02DD-4FAC-ADF1-285407FE9B3F}.Debug|x86.Build.0 = Debug|x86
		{238E63B8-02DD-4FAC-ADF1-285407FE9B3F}.Debug|x86.Deploy.0 = Debug|x86
		{238E63B8-02DD-4FAC-ADF1-285407FE9B3F}.Release|Any CPU.ActiveCfg = Release|x86
		{238E63B8-02DD-4FAC-ADF1-285407FE9B3F}.Release|ARM.ActiveCfg = Release|ARM
		{238E63B8-02DD-4FAC-ADF1-285407FE9B3F}.Release|ARM.Build.0 = Release|ARM
		{238E63B8-02DD-4FAC-ADF1-285407FE9B3F}.Release|ARM.Deploy.0 = Release|ARM
		{238E63B8-02DD-4FAC-ADF1-285407FE9B3F}.Release|iPhone.ActiveCfg = Release|x86
		{238E63B8-02DD-4FAC-ADF1-285407FE9B3F}.Release|iPhoneSimulator.ActiveCfg = Release|x86
		{238E63B8-02DD-4FAC-ADF1-285407FE9B3F}.Release|x64.ActiveCfg = Release|x64
		{238E63B8-02DD-4FAC-ADF1-285407FE9B3F}.Release|x64.Build.0 = Release|x64
		{238E63B8-02DD-4FAC-ADF1-285407FE9B3F}.Release|x64.Deploy.0 = Release|x64
		{238E63B8-02DD-4FAC-ADF1-285407FE9B3F}.Release|x86.ActiveCfg = Release|x86
		{238E63B8-02DD-4FAC-ADF1-285407FE9B3F}.Release|x86.Build.0 = Release|x86
		{238E63B8-02DD-4FAC-ADF1-285407FE9B3F}.Release|x86.Deploy.0 = Release|x86
		{67676673-DBC7-4621-A144-D957916F1916}.Ad-Hoc|Any CPU.ActiveCfg = Ad-Hoc|iPhone
		{67676673-DBC7-4621-A144-D957916F1916}.Ad-Hoc|ARM.ActiveCfg = Ad-Hoc|iPhone
		{67676673-DBC7-4621-A144-D957916F1916}.Ad-Hoc|iPhone.ActiveCfg = Ad-Hoc|iPhone
		{67676673-DBC7-4621-A144-D957916F1916}.Ad-Hoc|iPhone.Build.0 = Ad-Hoc|iPhone
		{67676673-DBC7-4621-A144-D957916F1916}.Ad-Hoc|iPhoneSimulator.ActiveCfg = Ad-Hoc|iPhoneSimulator
		{67676673-DBC7-4621-A144-D957916F1916}.Ad-Hoc|iPhoneSimulator.Build.0 = Ad-Hoc|iPhoneSimulator
		{67676673-DBC7-4621-A144-D957916F1916}.Ad-Hoc|x64.ActiveCfg = Ad-Hoc|iPhone
		{67676673-DBC7-4621-A144-D957916F1916}.Ad-Hoc|x86.ActiveCfg = Ad-Hoc|iPhone
		{67676673-DBC7-4621-A144-D957916F1916}.AppStore|Any CPU.ActiveCfg = AppStore|iPhone
		{67676673-DBC7-4621-A144-D957916F1916}.AppStore|ARM.ActiveCfg = AppStore|iPhone
		{67676673-DBC7-4621-A144-D957916F1916}.AppStore|iPhone.ActiveCfg = AppStore|iPhone
		{67676673-DBC7-4621-A144-D957916F1916}.AppStore|iPhone.Build.0 = AppStore|iPhone
		{67676673-DBC7-4621-A144-D957916F1916}.AppStore|iPhoneSimulator.ActiveCfg = AppStore|iPhoneSimulator
		{67676673-DBC7-4621-A144-D957916F1916}.AppStore|iPhoneSimulator.Build.0 = AppStore|iPhoneSimulator
		{67676673-DBC7-4621-A144-D957916F1916}.AppStore|x64.ActiveCfg = AppStore|iPhone
		{67676673-DBC7-4621-A144-D957916F1916}.AppStore|x86.ActiveCfg = AppStore|iPhone
		{67676673-DBC7-4621-A144-D957916F1916}.Debug|Any CPU.ActiveCfg = Debug|iPhone
		{67676673-DBC7-4621-A144-D957916F1916}.Debug|ARM.ActiveCfg = Debug|iPhone
		{67676673-DBC7-4621-A144-D957916F1916}.Debug|iPhone.ActiveCfg = Debug|iPhone
		{67676673-DBC7-4621-A144-D957916F1916}.Debug|iPhone.Build.0 = Debug|iPhone
		{67676673-DBC7-4621-A144-D957916F1916}.Debug|iPhoneSimulator.ActiveCfg = Debug|iPhoneSimulator
		{67676673-DBC7-4621-A144-D957916F1916}.Debug|iPhoneSimulator.Build.0 = Debug|iPhoneSimulator
		{67676673-DBC7-4621-A144-D957916F1916}.Debug|x64.ActiveCfg = Debug|iPhone
		{67676673-DBC7-4621-A144-D957916F1916}.Debug|x86.ActiveCfg = Debug|iPhone
		{67676673-DBC7-4621-A144-D957916F1916}.Release|Any CPU.ActiveCfg = Release|iPhone
		{67676673-DBC7-4621-A144-D957916F1916}.Release|ARM.ActiveCfg = Release|iPhone
		{67676673-DBC7-4621-A144-D957916F1916}.Release|iPhone.ActiveCfg = Release|iPhone
		{67676673-DBC7-4621-A144-D957916F1916}.Release|iPhone.Build.0 = Release|iPhone
		{67676673-DBC7-4621-A144-D957916F1916}.Release|iPhoneSimulator.ActiveCfg = Release|iPhoneSimulator
		{67676673-DBC7-4621-A144-D957916F1916}.Release|iPhoneSimulator.Build.0 = Release|iPhoneSimulator
		{67676673-DBC7-4621-A144-D957916F1916}.Release|x64.ActiveCfg = Release|iPhone
		{67676673-DBC7-4621-A144-D957916F1916}.Release|x86.ActiveCfg = Release|iPhone
	EndGlobalSection
	GlobalSection(SolutionProperties) = preSolution
		HideSolutionNode = FALSE
	EndGlobalSection
	GlobalSection(NestedProjects) = preSolution
		{A45099F9-5AF3-4E0A-9B9A-487511E6EED7} = {D5D3B4DD-D0E8-41F6-B6C2-BF6749ACDF68}
		{C95A559F-D64E-429A-B01E-ED3D8894DB9A} = {883428EC-DF7B-4BF9-9FF4-FAA7555EE9BF}
		{E1336CDB-30F5-449D-A0EA-373C9B35C193} = {D51C9F92-D969-48A2-BCF3-33A14FEB89B6}
		{B1D0EBAC-95A8-4E16-AF80-5B344C0A9099} = {D51C9F92-D969-48A2-BCF3-33A14FEB89B6}
		{238E63B8-02DD-4FAC-ADF1-285407FE9B3F} = {D51C9F92-D969-48A2-BCF3-33A14FEB89B6}
		{67676673-DBC7-4621-A144-D957916F1916} = {D51C9F92-D969-48A2-BCF3-33A14FEB89B6}
	EndGlobalSection
EndGlobal
